# Generated by kanon fidelity update — do not edit manually.
lock_version: 1
entries:
  aspect-config:
    spec_sha: "sha256:707626c02125d49df34cc5fe9b20ea88a842409166af09a8509539b568a646e6"
    fixture_shas:
      tests/test_aspect_config.py: "sha256:367509cfaef04dfef23ee92768514dd70df0acabb1b4086b3d0e0236c520ac2d"
    locked_at: "2026-05-02T07:46:59+00:00"
  aspect-decoupling:
    spec_sha: "sha256:63993bb87c393580e77320e4466ccc5d6d55bfd1fbea922580dac4db4b6fd902"
    fixture_shas:
      tests/ci/test_check_kit_consistency.py: "sha256:020dbb83ae9711092ab52f4c5fc456cc17a106e35c2911a341c262ef1bfa66f8"
      tests/test_cli_aspect.py: "sha256:2ac8d8879564d2038d84692ff67969dc55f211bb887b23e892fb996f90db576c"
      tests/test_scaffold_marker_hardening.py: "sha256:5ca7b82a137b174c6f0bcec744da25673ef193a2589ea2316d3b2286271935dd"
    locked_at: "2026-05-02T07:46:59+00:00"
  aspect-provides:
    spec_sha: "sha256:61fa210669b04c867eac62175959edbf48b224d02acbfab5cd121dede036f2e8"
    fixture_shas:
      tests/test_aspect_provides.py: "sha256:1421f33bc927fe4edecf7ee03d9ea3749e6068796d1c1cdfa19be3784a7b786c"
    locked_at: "2026-05-02T07:46:59+00:00"
  aspects:
    spec_sha: "sha256:a566edb4033642c0d09b84f46686ae2ed1393068759abca183f98aadf45137dd"
    fixture_shas:
      ci/check_kit_consistency.py: "sha256:605f9aac5dc5880dd521f895ae29afe1acd69538bdeaf52ec18ff62444bfa60b"
      tests/test_cli.py: "sha256:e1809edc651afa6e2b30da29cc40bec3ea82c6e0f966c0fadf8bbd295fe804d6"
      tests/test_cli_aspect.py: "sha256:2ac8d8879564d2038d84692ff67969dc55f211bb887b23e892fb996f90db576c"
      tests/test_kit_integrity.py: "sha256:4a4c844c6dcf8a721764b347115bac0cf5ae2058f4989f2a9d00bf5960956915"
      tests/test_protocols.py: "sha256:0acc8a9914a34acf84a959696bed023157f6976b0c1fb3789fbef318c98e14e7"
    locked_at: "2026-05-02T07:46:59+00:00"
  cli:
    spec_sha: "sha256:82a2f5337f4748e42a6c71622d166a50ed6849c0f2d44549eeda5069c778df78"
    fixture_shas:
      README.md: "sha256:8f706baae1defc4581ae36e9756e747387c55d9b2ee9086f33d42ecf9dbd1b78"
      pyproject.toml: "sha256:194e3124b746d105d174e716793dcfdfe74de04a4d826e1b2800c689e15a87d0"
      tests/test_aspect_config.py: "sha256:367509cfaef04dfef23ee92768514dd70df0acabb1b4086b3d0e0236c520ac2d"
      tests/test_atomic.py: "sha256:0afdab3d325fe815b7220a8e77e9fe51b7645b1f8d3c9a2eacd010bb54efd648"
      tests/test_cli.py: "sha256:e1809edc651afa6e2b30da29cc40bec3ea82c6e0f966c0fadf8bbd295fe804d6"
      tests/test_cli_aspect.py: "sha256:2ac8d8879564d2038d84692ff67969dc55f211bb887b23e892fb996f90db576c"
      tests/test_cli_fidelity.py: "sha256:004254d83f355fffb0cfce5993553c7e1be395743c7d4cc3c774d126a0ecff21"
      tests/test_cli_verify.py: "sha256:83b96a8c7ef7385752b834a20f79a72981359301de9a44e4db7bc343256dbaaa"
      tests/test_graph_orphans.py: "sha256:5fe00a6eac2107e0a3959c9948439ba795f73e9ba7c603ded63cec02745d97bd"
      tests/test_graph_rename.py: "sha256:014de093942b04a5a6f48d5734a7e000b2891609ce54c6d3c32b8a04b32013d8"
    locked_at: "2026-05-02T07:46:59+00:00"
  cross-harness-shims:
    spec_sha: "sha256:d545007cfaa7ceacf8049d092a4620dbd6f88c4f4893bfc4fe0b44aa7f2d646e"
    fixture_shas:
      tests/test_cli.py: "sha256:e1809edc651afa6e2b30da29cc40bec3ea82c6e0f966c0fadf8bbd295fe804d6"
      tests/test_cli_helpers.py: "sha256:b88beae5663dd670da32dc3e042808ad5c595044eec14b9c3824ff57c8b73061"
      tests/test_kit_integrity.py: "sha256:4a4c844c6dcf8a721764b347115bac0cf5ae2058f4989f2a9d00bf5960956915"
    locked_at: "2026-05-02T07:46:59+00:00"
  deps:
    spec_sha: "sha256:041dc5a342109290ea2895afb4124015bec3eafb8c7f2584ff04e1690ad6fafe"
    fixture_shas:
      tests/ci/test_check_deps.py: "sha256:520d6b12a0d16274c3551dd0574f125bf22f4d5c4990106bb0cac46bda929fd6"
      tests/test_cli_aspect.py: "sha256:2ac8d8879564d2038d84692ff67969dc55f211bb887b23e892fb996f90db576c"
      tests/test_kit_integrity.py: "sha256:4a4c844c6dcf8a721764b347115bac0cf5ae2058f4989f2a9d00bf5960956915"
      tests/test_scaffold_marker_hardening.py: "sha256:5ca7b82a137b174c6f0bcec744da25673ef193a2589ea2316d3b2286271935dd"
    locked_at: "2026-05-02T07:46:59+00:00"
  dialect-grammar:
    spec_sha: "sha256:72d53198d11e2f4868012b0df5132a9abb2ed18892e24b34bb9a13af73e705cf"
    locked_at: "2026-05-02T07:46:59+00:00"
  fidelity:
    spec_sha: "sha256:7e67ae8eed65d266e55abbfd14d0ee7b09cee172774bd8ccb62bf68e76db33ed"
    fixture_shas:
      tests/test_fidelity.py: "sha256:fd86b11fd53dd86a667d84c3f7828bda28c215069cab85e7b5da10499b8e54c1"
    locked_at: "2026-05-02T07:46:59+00:00"
  fidelity-lock:
    spec_sha: "sha256:f046db07c4811e93515ecfdc51f595cbdf8da96f1586a3311e41d0e0a9d0f7ab"
    fixture_shas:
      tests/test_cli_fidelity.py: "sha256:004254d83f355fffb0cfce5993553c7e1be395743c7d4cc3c774d126a0ecff21"
      tests/test_cli_verify.py: "sha256:83b96a8c7ef7385752b834a20f79a72981359301de9a44e4db7bc343256dbaaa"
    locked_at: "2026-05-02T07:46:59+00:00"
  invariant-ids:
    spec_sha: "sha256:3fad648b03351551dab50474b66be30019842ec8ede4220f5d01a7642c65114b"
    fixture_shas:
      tests/ci/test_check_invariant_ids.py: "sha256:00f79439444293fa8908791c029f32ae53db83fef9b4ca3f4af4a1e01a54bdbf"
      tests/test_cli.py: "sha256:e1809edc651afa6e2b30da29cc40bec3ea82c6e0f966c0fadf8bbd295fe804d6"
    locked_at: "2026-05-02T07:46:59+00:00"
  preflight:
    spec_sha: "sha256:36957de8a7653fab891a52f2d169c57b1166b80cc36c0d34a390f59dda4a3036"
    locked_at: "2026-05-02T07:46:59+00:00"
  process-gates:
    spec_sha: "sha256:b3c37dc49ec636d1f589e19f358845998de949fb575b625d6c481aa247d0cd23"
    fixture_shas:
      tests/ci/test_check_process_gates.py: "sha256:e1c40f7fb26868625fc9c2ec993f5d35d879a0d7c79c8b2d310532616d4f6d33"
    locked_at: "2026-05-02T07:46:59+00:00"
  project-aspects:
    spec_sha: "sha256:6dc8620dd08b9ecb0ed208a766d1ab1e8f488e6a8b912c9b4974d3df098ff89b"
    fixture_shas:
      tests/ci/test_check_kit_consistency.py: "sha256:020dbb83ae9711092ab52f4c5fc456cc17a106e35c2911a341c262ef1bfa66f8"
      tests/test_aspect_provides.py: "sha256:1421f33bc927fe4edecf7ee03d9ea3749e6068796d1c1cdfa19be3784a7b786c"
      tests/test_cli.py: "sha256:e1809edc651afa6e2b30da29cc40bec3ea82c6e0f966c0fadf8bbd295fe804d6"
      tests/test_cli_aspect.py: "sha256:2ac8d8879564d2038d84692ff67969dc55f211bb887b23e892fb996f90db576c"
      tests/test_cli_helpers.py: "sha256:b88beae5663dd670da32dc3e042808ad5c595044eec14b9c3824ff57c8b73061"
      tests/test_scaffold_marker_hardening.py: "sha256:5ca7b82a137b174c6f0bcec744da25673ef193a2589ea2316d3b2286271935dd"
    locked_at: "2026-05-02T07:46:59+00:00"
  protocols:
    spec_sha: "sha256:36ab57070a136e19e63e9b4c4d46cbedcb0c150acbb73b17af5831310c6bac61"
    fixture_shas:
      tests/test_cli.py: "sha256:e1809edc651afa6e2b30da29cc40bec3ea82c6e0f966c0fadf8bbd295fe804d6"
      tests/test_cli_aspect.py: "sha256:2ac8d8879564d2038d84692ff67969dc55f211bb887b23e892fb996f90db576c"
      tests/test_protocols.py: "sha256:0acc8a9914a34acf84a959696bed023157f6976b0c1fb3789fbef318c98e14e7"
    locked_at: "2026-05-02T07:46:59+00:00"
  release:
    spec_sha: "sha256:f46f40ff5da7e1414fb107012a4a204d7013f50fa3dda5feba626a85b6614c45"
    fixture_shas:
      tests/test_cli_aspect.py: "sha256:2ac8d8879564d2038d84692ff67969dc55f211bb887b23e892fb996f90db576c"
      tests/test_kit_integrity.py: "sha256:4a4c844c6dcf8a721764b347115bac0cf5ae2058f4989f2a9d00bf5960956915"
      tests/test_scaffold_marker_hardening.py: "sha256:5ca7b82a137b174c6f0bcec744da25673ef193a2589ea2316d3b2286271935dd"
    locked_at: "2026-05-02T07:46:59+00:00"
  release-cadence:
    spec_sha: "sha256:a464e76d9b97059ec61263afbbe7f03582bed7342a27aa043b95925248cbf44d"
    locked_at: "2026-05-02T07:46:59+00:00"
  resolutions:
    spec_sha: "sha256:79071855216959e026f6806c486b7ec4fac69523c6084f1fd8f38c6d309f4195"
    locked_at: "2026-05-02T07:46:59+00:00"
  scaffold-v2:
    spec_sha: "sha256:e571bc4236ba4a9b8dc19b2efe67f1db66749b6a1200b07528ccf99df3314e79"
    locked_at: "2026-05-02T07:46:59+00:00"
  security:
    spec_sha: "sha256:128b7ef568c615c4321ee6c184c9074515add20ec681384877ad9c681ca12551"
    fixture_shas:
      tests/ci/test_check_security_patterns.py: "sha256:3d1112d2d0933ac825b7ec219d75b26a4a30641738d65c02bf09879a75b1cac7"
      tests/test_cli_aspect.py: "sha256:2ac8d8879564d2038d84692ff67969dc55f211bb887b23e892fb996f90db576c"
      tests/test_kit_integrity.py: "sha256:4a4c844c6dcf8a721764b347115bac0cf5ae2058f4989f2a9d00bf5960956915"
      tests/test_scaffold_marker_hardening.py: "sha256:5ca7b82a137b174c6f0bcec744da25673ef193a2589ea2316d3b2286271935dd"
    locked_at: "2026-05-02T07:46:59+00:00"
  substrate-self-conformance:
    spec_sha: "sha256:57efc0a9b7b87a3f17deb26e5886c1eea905396a17b74e65edf1b71942756f10"
    locked_at: "2026-05-02T07:46:59+00:00"
  testing:
    spec_sha: "sha256:38f147697ad7d7d4068852b4ea71f9a4c932ee491a3f21a1fa08e492e95225d6"
    fixture_shas:
      tests/ci/test_check_test_quality.py: "sha256:81d35ceb5aa0f248793f638acc0cc48596619a6f7b69be0bce25bf1d991bb035"
      tests/test_cli_aspect.py: "sha256:2ac8d8879564d2038d84692ff67969dc55f211bb887b23e892fb996f90db576c"
      tests/test_kit_integrity.py: "sha256:4a4c844c6dcf8a721764b347115bac0cf5ae2058f4989f2a9d00bf5960956915"
      tests/test_scaffold_marker_hardening.py: "sha256:5ca7b82a137b174c6f0bcec744da25673ef193a2589ea2316d3b2286271935dd"
    locked_at: "2026-05-02T07:46:59+00:00"
  verification-contract:
    spec_sha: "sha256:9b352449d5e20b81cb5d849d452169319473f7c2ed96d0ebdf5e58d9d697921e"
    fixture_shas:
      tests/ci/test_check_foundations.py: "sha256:bb1078175b8f2fe91d7912976e2cd35e12c0633d4df11d558ab51137fc13bfaf"
      tests/ci/test_check_links.py: "sha256:0ff5eba9633a5f7f71db73a71d2cccbac7ad7b8c30cd0fab8c1b009ebc063d5f"
      tests/ci/test_release_preflight.py: "sha256:45270ce620eca1f9dd82fb6df45fdceb0b70e3fcd675796041d1997d9ff67bd1"
      tests/test_cli.py: "sha256:e1809edc651afa6e2b30da29cc40bec3ea82c6e0f966c0fadf8bbd295fe804d6"
      tests/test_cli_verify.py: "sha256:83b96a8c7ef7385752b834a20f79a72981359301de9a44e4db7bc343256dbaaa"
      tests/test_fidelity.py: "sha256:fd86b11fd53dd86a667d84c3f7828bda28c215069cab85e7b5da10499b8e54c1"
    locked_at: "2026-05-02T07:46:59+00:00"
  verified-by:
    spec_sha: "sha256:d8c153dc47a21b9f115a6d775ed65cee8a533006ae01632eb797fba7891dc19b"
    fixture_shas:
      tests/ci/test_check_verified_by.py: "sha256:2f2ecad99a214b975d1f6bbb64422b667f8f6ba402d86b48559cb08fddb60526"
      tests/test_cli.py: "sha256:e1809edc651afa6e2b30da29cc40bec3ea82c6e0f966c0fadf8bbd295fe804d6"
    locked_at: "2026-05-02T07:46:59+00:00"
  worktrees:
    spec_sha: "sha256:ff392f1024ceec666d809a007992598ad98f44c02cda63dc17e5679b928cc0c9"
    fixture_shas:
      tests/test_cli_aspect.py: "sha256:2ac8d8879564d2038d84692ff67969dc55f211bb887b23e892fb996f90db576c"
      tests/test_kit_integrity.py: "sha256:4a4c844c6dcf8a721764b347115bac0cf5ae2058f4989f2a9d00bf5960956915"
      tests/test_scaffold_marker_hardening.py: "sha256:5ca7b82a137b174c6f0bcec744da25673ef193a2589ea2316d3b2286271935dd"
    locked_at: "2026-05-02T07:46:59+00:00"
