# Generated by kanon fidelity update — do not edit manually.
lock_version: 1
entries:
  aspect-decoupling:
    spec_sha: "sha256:a455fef5c4d48a155d599d4a063fd8777bac73fd2f2351629aba261da197cd8d"
    locked_at: "2026-04-24T09:04:48+00:00"
  aspects:
    spec_sha: "sha256:55a41cdf058934112a4d9f9efd1564997ed53350dee778a0170fd5d13d696ce3"
    locked_at: "2026-04-24T09:04:48+00:00"
  cli:
    spec_sha: "sha256:1e0724814bd56dab1d43c3d98c92cf06debf8babec27f5342a7116cac71bb75a"
    locked_at: "2026-04-24T09:04:48+00:00"
  cross-harness-shims:
    spec_sha: "sha256:63bca3fd7aceca87922aa108543e8388689ae3584a2f737bbf1978bb45e78550"
    locked_at: "2026-04-24T09:04:48+00:00"
  fidelity-lock:
    spec_sha: "sha256:1755bb53b2d7b42362343436c739eec0e9aa5f298a57a4e4cbde059cbce7cc3a"
    locked_at: "2026-04-24T09:04:48+00:00"
  invariant-ids:
    spec_sha: "sha256:a9a7d9e076440f2f17aee38e6ffe86d1ee1a5a0c01e7b89c355c94ecdbcfa77d"
    locked_at: "2026-04-24T09:04:48+00:00"
  protocols:
    spec_sha: "sha256:2538ddf73e510ad6fc89dbab60e498e08aa533dcb181b9cc41b7e093b84d30c2"
    locked_at: "2026-04-24T09:04:48+00:00"
  release:
    spec_sha: "sha256:cfd48290ee2646e2bd604e5909bd6aecda74202cfa29ffb724768caecf8f1f88"
    locked_at: "2026-04-24T09:04:48+00:00"
  template-bundle:
    spec_sha: "sha256:68713fc9fcff22dcb60dbed223f9c9175fccc2ad14c83fbbddc016028df36d69"
    locked_at: "2026-04-24T09:04:48+00:00"
  tier-migration:
    spec_sha: "sha256:4ff1e60e7fb9a89f719add2abc8a0b7987a83d5b4d8365919dd045542b8bdc43"
    locked_at: "2026-04-24T09:04:48+00:00"
  tiers:
    spec_sha: "sha256:3e211f942ab97cace85c9b258004ed3d215be7ca9ad4a6f70ade3f0587ec89c2"
    locked_at: "2026-04-24T09:04:48+00:00"
  verification-contract:
    spec_sha: "sha256:40dba4cdf69f24ab8d741e62cbef0d2821e4e79260ddbbfa7d97f6e38032c69c"
    locked_at: "2026-04-24T09:04:48+00:00"
  worktrees:
    spec_sha: "sha256:2af0de47635e41015cb1e56039cfff22ff8403c8f1ba9fc54f8cddef5dbb2123"
    locked_at: "2026-04-24T09:04:48+00:00"
